{
  "name": "turbopack-repro-9057",
  "lockfileVersion": 3,
  "requires": true,
  "packages": {
    "": {
      "dependencies": {
        "turbo": "2.0.15-canary.3"
      }
    },
    "node_modules/turbo": {
      "version": "2.0.15-canary.3",
      "resolved": "https://registry.npmjs.org/turbo/-/turbo-2.0.15-canary.3.tgz",
      "integrity": "sha512-j1T7mCim07T5Rq9QIc5B5t+7qnkcwOzGzXKrnJW/4fHttAuDIt2+/oRXpATuu9H4lLq59Ay7067BIKkptlWIjw==",
      "license": "MIT",
      "bin": {
        "turbo": "bin/turbo"
      },
      "optionalDependencies": {
        "turbo-darwin-64": "2.0.15-canary.3",
        "turbo-darwin-arm64": "2.0.15-canary.3",
        "turbo-linux-64": "2.0.15-canary.3",
        "turbo-linux-arm64": "2.0.15-canary.3",
        "turbo-windows-64": "2.0.15-canary.3",
        "turbo-windows-arm64": "2.0.15-canary.3"
      }
    },
    "node_modules/turbo-darwin-64": {
      "version": "2.0.15-canary.3",
      "resolved": "https://registry.npmjs.org/turbo-darwin-64/-/turbo-darwin-64-2.0.15-canary.3.tgz",
      "integrity": "sha512-1qBQSfmFxqEGousjp/Os5lSG5PHyxKlhQFjQ3gVVu+i8OrGYqYX1dx9xYauaGUKXl650LZ4cDYewzHv1NxdS7g==",
      "cpu": [
        "x64"
      ],
      "license": "MIT",
      "optional": true,
      "os": [
        "darwin"
      ]
    },
    "node_modules/turbo-darwin-arm64": {
      "version": "2.0.15-canary.3",
      "resolved": "https://registry.npmjs.org/turbo-darwin-arm64/-/turbo-darwin-arm64-2.0.15-canary.3.tgz",
      "integrity": "sha512-kmZt8aClNjc/UaYLr18wlvHsg9EOE5dDnCIYOqs6Gvd/WCuQhKukBJ/FIzUOxogMejHXfdTJdxNxA6Ov31/U1Q==",
      "cpu": [
        "arm64"
      ],
      "license": "MIT",
      "optional": true,
      "os": [
        "darwin"
      ]
    },
    "node_modules/turbo-linux-64": {
      "version": "2.0.15-canary.3",
      "resolved": "https://registry.npmjs.org/turbo-linux-64/-/turbo-linux-64-2.0.15-canary.3.tgz",
      "integrity": "sha512-DOd4cczCVwJD7TiHyXukG23E6HY4j72lvS9mehGa0IP1QtLzLq/3rATJGIPaMNl7oLqGSiSH3oTvHvev1bz9cA==",
      "cpu": [
        "x64"
      ],
      "license": "MIT",
      "optional": true,
      "os": [
        "linux"
      ]
    },
    "node_modules/turbo-linux-arm64": {
      "version": "2.0.15-canary.3",
      "resolved": "https://registry.npmjs.org/turbo-linux-arm64/-/turbo-linux-arm64-2.0.15-canary.3.tgz",
      "integrity": "sha512-XyIhx9xu+pQxkUrFP/2cfzhy4ut5kl6ODGMOCywOsqxAhq8vjCIRMYoET21PTl/A4CTtM0EP0/CrNOYhdz9tag==",
      "cpu": [
        "arm64"
      ],
      "license": "MIT",
      "optional": true,
      "os": [
        "linux"
      ]
    },
    "node_modules/turbo-windows-64": {
      "version": "2.0.15-canary.3",
      "resolved": "https://registry.npmjs.org/turbo-windows-64/-/turbo-windows-64-2.0.15-canary.3.tgz",
      "integrity": "sha512-zO4DR3LSeXvMPz4VVy1eq90rcky7GGUd5pQO71dsA4dlMzRsUHh/xUYx7/HW/2MDzkihM4DAWMbbKokjqWpycw==",
      "cpu": [
        "x64"
      ],
      "license": "MIT",
      "optional": true,
      "os": [
        "win32"
      ]
    },
    "node_modules/turbo-windows-arm64": {
      "version": "2.0.15-canary.3",
      "resolved": "https://registry.npmjs.org/turbo-windows-arm64/-/turbo-windows-arm64-2.0.15-canary.3.tgz",
      "integrity": "sha512-wH6JNb5D+MGl2mcA0l8habMzjL9iFHGmh9L3dEIDXtJCYX5Rn71exLhJoqktLLPc3nKDKqJ7E+QI5s//5dDaHg==",
      "cpu": [
        "arm64"
      ],
      "license": "MIT",
      "optional": true,
      "os": [
        "win32"
      ]
    }
  }
}
